// !$*UTF8*$!
{
	archiveVersion = 1;
	classes = {
	};
	objectVersion = 55;
	objects = {

/* Begin PBXBuildFile section */
		2B4E6171E46F7E4675899120 /* Pods_plazm_swift_plazm_swiftUITests.framework in Frameworks */ = {isa = PBXBuildFile; fileRef = A17CD139781ED91EDF410835 /* Pods_plazm_swift_plazm_swiftUITests.framework */; };
		8CDCA36CB75D7E9428338E88 /* awsconfiguration.json in Resources */ = {isa = PBXBuildFile; fileRef = 746D460ACD9568D730F39FDB /* awsconfiguration.json */; };
		A83849FA60B49D44513B8AEF /* Pods_plazm_swiftTests.framework in Frameworks */ = {isa = PBXBuildFile; fileRef = 568306CEDADEDF70180E8347 /* Pods_plazm_swiftTests.framework */; };
		B2BDA4450BB38B94E1BFD55F /* amplifyconfiguration.json in Resources */ = {isa = PBXBuildFile; fileRef = AFC60985075EDF44A5F1FCC9 /* amplifyconfiguration.json */; };
		DA04B01FF28D5ED42C5FB09D /* Pods_plazm_swift.framework in Frameworks */ = {isa = PBXBuildFile; fileRef = F5BB6F976C254BA6B58E0D6F /* Pods_plazm_swift.framework */; };
		E706C7EB2814C6760078F2B0 /* plazm_swiftApp.swift in Sources */ = {isa = PBXBuildFile; fileRef = E706C7EA2814C6760078F2B0 /* plazm_swiftApp.swift */; };
		E706C7ED2814C6760078F2B0 /* ContentView.swift in Sources */ = {isa = PBXBuildFile; fileRef = E706C7EC2814C6760078F2B0 /* ContentView.swift */; };
		E706C7EF2814C6760078F2B0 /* Assets.xcassets in Resources */ = {isa = PBXBuildFile; fileRef = E706C7EE2814C6760078F2B0 /* Assets.xcassets */; };
		E706C7F22814C6760078F2B0 /* Preview Assets.xcassets in Resources */ = {isa = PBXBuildFile; fileRef = E706C7F12814C6760078F2B0 /* Preview Assets.xcassets */; };
		E706C7FC2814C6760078F2B0 /* plazm_swiftTests.swift in Sources */ = {isa = PBXBuildFile; fileRef = E706C7FB2814C6760078F2B0 /* plazm_swiftTests.swift */; };
		E706C8062814C6760078F2B0 /* plazm_swiftUITests.swift in Sources */ = {isa = PBXBuildFile; fileRef = E706C8052814C6760078F2B0 /* plazm_swiftUITests.swift */; };
		E706C8082814C6760078F2B0 /* plazm_swiftUITestsLaunchTests.swift in Sources */ = {isa = PBXBuildFile; fileRef = E706C8072814C6760078F2B0 /* plazm_swiftUITestsLaunchTests.swift */; };
		E72685742816368D0018EB59 /* SessionProfile.swift in Sources */ = {isa = PBXBuildFile; fileRef = E72685732816368D0018EB59 /* SessionProfile.swift */; };
		E72685842817892A0018EB59 /* Extensions.swift in Sources */ = {isa = PBXBuildFile; fileRef = E72685832817892A0018EB59 /* Extensions.swift */; };
		E7268588281853300018EB59 /* SideMenu.swift in Sources */ = {isa = PBXBuildFile; fileRef = E7268587281853300018EB59 /* SideMenu.swift */; };
		E74906472814CAA8005D1C10 /* Apollo in Frameworks */ = {isa = PBXBuildFile; productRef = E74906462814CAA8005D1C10 /* Apollo */; };
		E74906492814CAA8005D1C10 /* ApolloWebSocket in Frameworks */ = {isa = PBXBuildFile; productRef = E74906482814CAA8005D1C10 /* ApolloWebSocket */; };
		E749064E2814CBCF005D1C10 /* DataSource.swift in Sources */ = {isa = PBXBuildFile; fileRef = E749064D2814CBCF005D1C10 /* DataSource.swift */; };
		E74906502814CBE3005D1C10 /* DataSource.graphql in Resources */ = {isa = PBXBuildFile; fileRef = E749064F2814CBE3005D1C10 /* DataSource.graphql */; };
		E74906532814D250005D1C10 /* schema.json in Resources */ = {isa = PBXBuildFile; fileRef = E74906522814D250005D1C10 /* schema.json */; };
		E74906552814D48A005D1C10 /* API.swift in Sources */ = {isa = PBXBuildFile; fileRef = E74906542814D48A005D1C10 /* API.swift */; };
		E74906582814D51D005D1C10 /* ApolloClient.swift in Sources */ = {isa = PBXBuildFile; fileRef = E74906572814D51D005D1C10 /* ApolloClient.swift */; };
		E749065E2814EED9005D1C10 /* SessionManager.swift in Sources */ = {isa = PBXBuildFile; fileRef = E749065D2814EED9005D1C10 /* SessionManager.swift */; };
		E7BD60772815A64D00F851B3 /* MasterView.swift in Sources */ = {isa = PBXBuildFile; fileRef = E7BD60762815A64D00F851B3 /* MasterView.swift */; };
		E7BD60792815A69B00F851B3 /* SignInView.swift in Sources */ = {isa = PBXBuildFile; fileRef = E7BD60782815A69B00F851B3 /* SignInView.swift */; };
		E7BD607B2815A6E700F851B3 /* SignUpView.swift in Sources */ = {isa = PBXBuildFile; fileRef = E7BD607A2815A6E700F851B3 /* SignUpView.swift */; };
		E7BD607D2815A73C00F851B3 /* ConfirmationView.swift in Sources */ = {isa = PBXBuildFile; fileRef = E7BD607C2815A73C00F851B3 /* ConfirmationView.swift */; };
		E7EAA39B28197E8900B0C569 /* PostEventView.swift in Sources */ = {isa = PBXBuildFile; fileRef = E7EAA39A28197E8900B0C569 /* PostEventView.swift */; };
/* End PBXBuildFile section */

/* Begin PBXContainerItemProxy section */
		E706C7F82814C6760078F2B0 /* PBXContainerItemProxy */ = {
			isa = PBXContainerItemProxy;
			containerPortal = E706C7DF2814C6760078F2B0 /* Project object */;
			proxyType = 1;
			remoteGlobalIDString = E706C7E62814C6760078F2B0;
			remoteInfo = plazm_swift;
		};
		E706C8022814C6760078F2B0 /* PBXContainerItemProxy */ = {
			isa = PBXContainerItemProxy;
			containerPortal = E706C7DF2814C6760078F2B0 /* Project object */;
			proxyType = 1;
			remoteGlobalIDString = E706C7E62814C6760078F2B0;
			remoteInfo = plazm_swift;
		};
/* End PBXContainerItemProxy section */

/* Begin PBXFileReference section */
		15264768FC730512DC38ACA4 /* Pods-plazm_swift-plazm_swiftUITests.release.xcconfig */ = {isa = PBXFileReference; includeInIndex = 1; lastKnownFileType = text.xcconfig; name = "Pods-plazm_swift-plazm_swiftUITests.release.xcconfig"; path = "Target Support Files/Pods-plazm_swift-plazm_swiftUITests/Pods-plazm_swift-plazm_swiftUITests.release.xcconfig"; sourceTree = "<group>"; };
		568306CEDADEDF70180E8347 /* Pods_plazm_swiftTests.framework */ = {isa = PBXFileReference; explicitFileType = wrapper.framework; includeInIndex = 0; path = Pods_plazm_swiftTests.framework; sourceTree = BUILT_PRODUCTS_DIR; };
		746D460ACD9568D730F39FDB /* awsconfiguration.json */ = {isa = PBXFileReference; explicitFileType = text.json; path = awsconfiguration.json; sourceTree = "<group>"; };
		833045E4A5A8F5484B40D187 /* Pods-plazm_swift-plazm_swiftUITests.debug.xcconfig */ = {isa = PBXFileReference; includeInIndex = 1; lastKnownFileType = text.xcconfig; name = "Pods-plazm_swift-plazm_swiftUITests.debug.xcconfig"; path = "Target Support Files/Pods-plazm_swift-plazm_swiftUITests/Pods-plazm_swift-plazm_swiftUITests.debug.xcconfig"; sourceTree = "<group>"; };
		A17CD139781ED91EDF410835 /* Pods_plazm_swift_plazm_swiftUITests.framework */ = {isa = PBXFileReference; explicitFileType = wrapper.framework; includeInIndex = 0; path = Pods_plazm_swift_plazm_swiftUITests.framework; sourceTree = BUILT_PRODUCTS_DIR; };
		AFC60985075EDF44A5F1FCC9 /* amplifyconfiguration.json */ = {isa = PBXFileReference; explicitFileType = text.json; path = amplifyconfiguration.json; sourceTree = "<group>"; };
		C1A3BA49013437E2C13CF152 /* Pods-plazm_swiftTests.debug.xcconfig */ = {isa = PBXFileReference; includeInIndex = 1; lastKnownFileType = text.xcconfig; name = "Pods-plazm_swiftTests.debug.xcconfig"; path = "Target Support Files/Pods-plazm_swiftTests/Pods-plazm_swiftTests.debug.xcconfig"; sourceTree = "<group>"; };
		D6AD98C7FC6030D605FADE5D /* Pods-plazm_swift.debug.xcconfig */ = {isa = PBXFileReference; includeInIndex = 1; lastKnownFileType = text.xcconfig; name = "Pods-plazm_swift.debug.xcconfig"; path = "Target Support Files/Pods-plazm_swift/Pods-plazm_swift.debug.xcconfig"; sourceTree = "<group>"; };
		E63055A3FC6B3B5513F9C88D /* Pods-plazm_swift.release.xcconfig */ = {isa = PBXFileReference; includeInIndex = 1; lastKnownFileType = text.xcconfig; name = "Pods-plazm_swift.release.xcconfig"; path = "Target Support Files/Pods-plazm_swift/Pods-plazm_swift.release.xcconfig"; sourceTree = "<group>"; };
		E706C7E72814C6760078F2B0 /* plazm_swift.app */ = {isa = PBXFileReference; explicitFileType = wrapper.application; includeInIndex = 0; path = plazm_swift.app; sourceTree = BUILT_PRODUCTS_DIR; };
		E706C7EA2814C6760078F2B0 /* plazm_swiftApp.swift */ = {isa = PBXFileReference; lastKnownFileType = sourcecode.swift; path = plazm_swiftApp.swift; sourceTree = "<group>"; };
		E706C7EC2814C6760078F2B0 /* ContentView.swift */ = {isa = PBXFileReference; lastKnownFileType = sourcecode.swift; path = ContentView.swift; sourceTree = "<group>"; };
		E706C7EE2814C6760078F2B0 /* Assets.xcassets */ = {isa = PBXFileReference; lastKnownFileType = folder.assetcatalog; path = Assets.xcassets; sourceTree = "<group>"; };
		E706C7F12814C6760078F2B0 /* Preview Assets.xcassets */ = {isa = PBXFileReference; lastKnownFileType = folder.assetcatalog; path = "Preview Assets.xcassets"; sourceTree = "<group>"; };
		E706C7F72814C6760078F2B0 /* plazm_swiftTests.xctest */ = {isa = PBXFileReference; explicitFileType = wrapper.cfbundle; includeInIndex = 0; path = plazm_swiftTests.xctest; sourceTree = BUILT_PRODUCTS_DIR; };
		E706C7FB2814C6760078F2B0 /* plazm_swiftTests.swift */ = {isa = PBXFileReference; lastKnownFileType = sourcecode.swift; path = plazm_swiftTests.swift; sourceTree = "<group>"; };
		E706C8012814C6760078F2B0 /* plazm_swiftUITests.xctest */ = {isa = PBXFileReference; explicitFileType = wrapper.cfbundle; includeInIndex = 0; path = plazm_swiftUITests.xctest; sourceTree = BUILT_PRODUCTS_DIR; };
		E706C8052814C6760078F2B0 /* plazm_swiftUITests.swift */ = {isa = PBXFileReference; lastKnownFileType = sourcecode.swift; path = plazm_swiftUITests.swift; sourceTree = "<group>"; };
		E706C8072814C6760078F2B0 /* plazm_swiftUITestsLaunchTests.swift */ = {isa = PBXFileReference; lastKnownFileType = sourcecode.swift; path = plazm_swiftUITestsLaunchTests.swift; sourceTree = "<group>"; };
		E72685732816368D0018EB59 /* SessionProfile.swift */ = {isa = PBXFileReference; lastKnownFileType = sourcecode.swift; path = SessionProfile.swift; sourceTree = "<group>"; };
		E72685832817892A0018EB59 /* Extensions.swift */ = {isa = PBXFileReference; lastKnownFileType = sourcecode.swift; path = Extensions.swift; sourceTree = "<group>"; };
		E7268587281853300018EB59 /* SideMenu.swift */ = {isa = PBXFileReference; lastKnownFileType = sourcecode.swift; path = SideMenu.swift; sourceTree = "<group>"; };
		E749064D2814CBCF005D1C10 /* DataSource.swift */ = {isa = PBXFileReference; lastKnownFileType = sourcecode.swift; path = DataSource.swift; sourceTree = "<group>"; };
		E749064F2814CBE3005D1C10 /* DataSource.graphql */ = {isa = PBXFileReference; lastKnownFileType = text; path = DataSource.graphql; sourceTree = "<group>"; };
		E74906522814D250005D1C10 /* schema.json */ = {isa = PBXFileReference; fileEncoding = 4; lastKnownFileType = text.json; path = schema.json; sourceTree = "<group>"; };
		E74906542814D48A005D1C10 /* API.swift */ = {isa = PBXFileReference; fileEncoding = 4; lastKnownFileType = sourcecode.swift; path = API.swift; sourceTree = "<group>"; };
		E74906572814D51D005D1C10 /* ApolloClient.swift */ = {isa = PBXFileReference; lastKnownFileType = sourcecode.swift; path = ApolloClient.swift; sourceTree = "<group>"; };
		E74906592814EE15005D1C10 /* amplifyconfiguration.json */ = {isa = PBXFileReference; fileEncoding = 4; lastKnownFileType = text.json; name = amplifyconfiguration.json; path = ../../../Desktop/plazm_iOS/amplifyconfiguration.json; sourceTree = "<group>"; };
		E749065A2814EE15005D1C10 /* awsconfiguration.json */ = {isa = PBXFileReference; fileEncoding = 4; lastKnownFileType = text.json; name = awsconfiguration.json; path = ../../../Desktop/plazm_iOS/awsconfiguration.json; sourceTree = "<group>"; };
		E749065D2814EED9005D1C10 /* SessionManager.swift */ = {isa = PBXFileReference; lastKnownFileType = sourcecode.swift; path = SessionManager.swift; sourceTree = "<group>"; };
		E7BD60762815A64D00F851B3 /* MasterView.swift */ = {isa = PBXFileReference; lastKnownFileType = sourcecode.swift; path = MasterView.swift; sourceTree = "<group>"; };
		E7BD60782815A69B00F851B3 /* SignInView.swift */ = {isa = PBXFileReference; lastKnownFileType = sourcecode.swift; path = SignInView.swift; sourceTree = "<group>"; };
		E7BD607A2815A6E700F851B3 /* SignUpView.swift */ = {isa = PBXFileReference; lastKnownFileType = sourcecode.swift; path = SignUpView.swift; sourceTree = "<group>"; };
		E7BD607C2815A73C00F851B3 /* ConfirmationView.swift */ = {isa = PBXFileReference; lastKnownFileType = sourcecode.swift; path = ConfirmationView.swift; sourceTree = "<group>"; };
		E7EAA39A28197E8900B0C569 /* PostEventView.swift */ = {isa = PBXFileReference; lastKnownFileType = sourcecode.swift; path = PostEventView.swift; sourceTree = "<group>"; };
		F4BC3025730F4E1ECEA3C2CA /* Pods-plazm_swiftTests.release.xcconfig */ = {isa = PBXFileReference; includeInIndex = 1; lastKnownFileType = text.xcconfig; name = "Pods-plazm_swiftTests.release.xcconfig"; path = "Target Support Files/Pods-plazm_swiftTests/Pods-plazm_swiftTests.release.xcconfig"; sourceTree = "<group>"; };
		F5BB6F976C254BA6B58E0D6F /* Pods_plazm_swift.framework */ = {isa = PBXFileReference; explicitFileType = wrapper.framework; includeInIndex = 0; path = Pods_plazm_swift.framework; sourceTree = BUILT_PRODUCTS_DIR; };
/* End PBXFileReference section */

/* Begin PBXFrameworksBuildPhase section */
		E706C7E42814C6760078F2B0 /* Frameworks */ = {
			isa = PBXFrameworksBuildPhase;
			buildActionMask = 2147483647;
			files = (
				DA04B01FF28D5ED42C5FB09D /* Pods_plazm_swift.framework in Frameworks */,
				E74906492814CAA8005D1C10 /* ApolloWebSocket in Frameworks */,
				E74906472814CAA8005D1C10 /* Apollo in Frameworks */,
			);
			runOnlyForDeploymentPostprocessing = 0;
		};
		E706C7F42814C6760078F2B0 /* Frameworks */ = {
			isa = PBXFrameworksBuildPhase;
			buildActionMask = 2147483647;
			files = (
				A83849FA60B49D44513B8AEF /* Pods_plazm_swiftTests.framework in Frameworks */,
			);
			runOnlyForDeploymentPostprocessing = 0;
		};
		E706C7FE2814C6760078F2B0 /* Frameworks */ = {
			isa = PBXFrameworksBuildPhase;
			buildActionMask = 2147483647;
			files = (
				2B4E6171E46F7E4675899120 /* Pods_plazm_swift_plazm_swiftUITests.framework in Frameworks */,
			);
			runOnlyForDeploymentPostprocessing = 0;
		};
/* End PBXFrameworksBuildPhase section */

/* Begin PBXGroup section */
		654A49480329A4ADF0FCF701 /* AmplifyConfig */ = {
			isa = PBXGroup;
			children = (
				746D460ACD9568D730F39FDB /* awsconfiguration.json */,
				AFC60985075EDF44A5F1FCC9 /* amplifyconfiguration.json */,
			);
			name = AmplifyConfig;
			sourceTree = "<group>";
		};
		95A4B5CFEDA5DEC66BAC7180 /* Pods */ = {
			isa = PBXGroup;
			children = (
				D6AD98C7FC6030D605FADE5D /* Pods-plazm_swift.debug.xcconfig */,
				E63055A3FC6B3B5513F9C88D /* Pods-plazm_swift.release.xcconfig */,
				833045E4A5A8F5484B40D187 /* Pods-plazm_swift-plazm_swiftUITests.debug.xcconfig */,
				15264768FC730512DC38ACA4 /* Pods-plazm_swift-plazm_swiftUITests.release.xcconfig */,
				C1A3BA49013437E2C13CF152 /* Pods-plazm_swiftTests.debug.xcconfig */,
				F4BC3025730F4E1ECEA3C2CA /* Pods-plazm_swiftTests.release.xcconfig */,
			);
			path = Pods;
			sourceTree = "<group>";
		};
		DE5AE6DC9C2669BA7DADE965 /* Frameworks */ = {
			isa = PBXGroup;
			children = (
				F5BB6F976C254BA6B58E0D6F /* Pods_plazm_swift.framework */,
				A17CD139781ED91EDF410835 /* Pods_plazm_swift_plazm_swiftUITests.framework */,
				568306CEDADEDF70180E8347 /* Pods_plazm_swiftTests.framework */,
			);
			name = Frameworks;
			sourceTree = "<group>";
		};
		E706C7DE2814C6760078F2B0 = {
			isa = PBXGroup;
			children = (
				E706C7E92814C6760078F2B0 /* plazm_swift */,
				E706C7FA2814C6760078F2B0 /* plazm_swiftTests */,
				E706C8042814C6760078F2B0 /* plazm_swiftUITests */,
				E706C7E82814C6760078F2B0 /* Products */,
				95A4B5CFEDA5DEC66BAC7180 /* Pods */,
				DE5AE6DC9C2669BA7DADE965 /* Frameworks */,
				654A49480329A4ADF0FCF701 /* AmplifyConfig */,
			);
			sourceTree = "<group>";
		};
		E706C7E82814C6760078F2B0 /* Products */ = {
			isa = PBXGroup;
			children = (
				E706C7E72814C6760078F2B0 /* plazm_swift.app */,
				E706C7F72814C6760078F2B0 /* plazm_swiftTests.xctest */,
				E706C8012814C6760078F2B0 /* plazm_swiftUITests.xctest */,
			);
			name = Products;
			sourceTree = "<group>";
		};
		E706C7E92814C6760078F2B0 /* plazm_swift */ = {
			isa = PBXGroup;
			children = (
				E7268585281852A40018EB59 /* Views */,
				E72685802817320D0018EB59 /* ViewModel */,
				E74906522814D250005D1C10 /* schema.json */,
				E74906542814D48A005D1C10 /* API.swift */,
				E7BD60752815A57300F851B3 /* Auth Session */,
				E74906562814D4FF005D1C10 /* Networking */,
				E74906592814EE15005D1C10 /* amplifyconfiguration.json */,
				E749065A2814EE15005D1C10 /* awsconfiguration.json */,
				E749064D2814CBCF005D1C10 /* DataSource.swift */,
				E749064F2814CBE3005D1C10 /* DataSource.graphql */,
				E706C7EE2814C6760078F2B0 /* Assets.xcassets */,
				E706C7F02814C6760078F2B0 /* Preview Content */,
			);
			path = plazm_swift;
			sourceTree = "<group>";
		};
		E706C7F02814C6760078F2B0 /* Preview Content */ = {
			isa = PBXGroup;
			children = (
				E706C7F12814C6760078F2B0 /* Preview Assets.xcassets */,
			);
			path = "Preview Content";
			sourceTree = "<group>";
		};
		E706C7FA2814C6760078F2B0 /* plazm_swiftTests */ = {
			isa = PBXGroup;
			children = (
				E706C7FB2814C6760078F2B0 /* plazm_swiftTests.swift */,
			);
			path = plazm_swiftTests;
			sourceTree = "<group>";
		};
		E706C8042814C6760078F2B0 /* plazm_swiftUITests */ = {
			isa = PBXGroup;
			children = (
				E706C8052814C6760078F2B0 /* plazm_swiftUITests.swift */,
				E706C8072814C6760078F2B0 /* plazm_swiftUITestsLaunchTests.swift */,
			);
			path = plazm_swiftUITests;
			sourceTree = "<group>";
		};
		E72685802817320D0018EB59 /* ViewModel */ = {
			isa = PBXGroup;
			children = (
				E749065D2814EED9005D1C10 /* SessionManager.swift */,
				E72685732816368D0018EB59 /* SessionProfile.swift */,
				E72685832817892A0018EB59 /* Extensions.swift */,
			);
			path = ViewModel;
			sourceTree = "<group>";
		};
		E7268585281852A40018EB59 /* Views */ = {
			isa = PBXGroup;
			children = (
				E7268586281852D20018EB59 /* SignIn */,
				E706C7EA2814C6760078F2B0 /* plazm_swiftApp.swift */,
				E706C7EC2814C6760078F2B0 /* ContentView.swift */,
				E7268587281853300018EB59 /* SideMenu.swift */,
				E7EAA39A28197E8900B0C569 /* PostEventView.swift */,
			);
			path = Views;
			sourceTree = "<group>";
		};
		E7268586281852D20018EB59 /* SignIn */ = {
			isa = PBXGroup;
			children = (
				E7BD60762815A64D00F851B3 /* MasterView.swift */,
				E7BD607C2815A73C00F851B3 /* ConfirmationView.swift */,
				E7BD60782815A69B00F851B3 /* SignInView.swift */,
				E7BD607A2815A6E700F851B3 /* SignUpView.swift */,
			);
			path = SignIn;
			sourceTree = "<group>";
		};
		E74906562814D4FF005D1C10 /* Networking */ = {
			isa = PBXGroup;
			children = (
				E74906572814D51D005D1C10 /* ApolloClient.swift */,
			);
			path = Networking;
			sourceTree = "<group>";
		};
		E7BD60752815A57300F851B3 /* Auth Session */ = {
			isa = PBXGroup;
			children = (
			);
			path = "Auth Session";
			sourceTree = "<group>";
		};
/* End PBXGroup section */

/* Begin PBXNativeTarget section */
		E706C7E62814C6760078F2B0 /* plazm_swift */ = {
			isa = PBXNativeTarget;
			buildConfigurationList = E706C80B2814C6760078F2B0 /* Build configuration list for PBXNativeTarget "plazm_swift" */;
			buildPhases = (
				22B915710F6A3A8E5FA86A87 /* [CP] Check Pods Manifest.lock */,
				E749064C2814CB77005D1C10 /* Apollo */,
				E706C7E32814C6760078F2B0 /* Sources */,
				E706C7E42814C6760078F2B0 /* Frameworks */,
				E706C7E52814C6760078F2B0 /* Resources */,
				806D61CF9CD6BF85278F4E51 /* [CP] Embed Pods Frameworks */,
			);
			buildRules = (
			);
			dependencies = (
			);
			name = plazm_swift;
			packageProductDependencies = (
				E74906462814CAA8005D1C10 /* Apollo */,
				E74906482814CAA8005D1C10 /* ApolloWebSocket */,
			);
			productName = plazm_swift;
			productReference = E706C7E72814C6760078F2B0 /* plazm_swift.app */;
			productType = "com.apple.product-type.application";
		};
		E706C7F62814C6760078F2B0 /* plazm_swiftTests */ = {
			isa = PBXNativeTarget;
			buildConfigurationList = E706C80E2814C6760078F2B0 /* Build configuration list for PBXNativeTarget "plazm_swiftTests" */;
			buildPhases = (
				5DA5BE40343FFEAD4BF008D0 /* [CP] Check Pods Manifest.lock */,
				E706C7F32814C6760078F2B0 /* Sources */,
				E706C7F42814C6760078F2B0 /* Frameworks */,
				E706C7F52814C6760078F2B0 /* Resources */,
			);
			buildRules = (
			);
			dependencies = (
				E706C7F92814C6760078F2B0 /* PBXTargetDependency */,
			);
			name = plazm_swiftTests;
			productName = plazm_swiftTests;
			productReference = E706C7F72814C6760078F2B0 /* plazm_swiftTests.xctest */;
			productType = "com.apple.product-type.bundle.unit-test";
		};
		E706C8002814C6760078F2B0 /* plazm_swiftUITests */ = {
			isa = PBXNativeTarget;
			buildConfigurationList = E706C8112814C6760078F2B0 /* Build configuration list for PBXNativeTarget "plazm_swiftUITests" */;
			buildPhases = (
				7C17A48EAC972E8BA20F0A78 /* [CP] Check Pods Manifest.lock */,
				E706C7FD2814C6760078F2B0 /* Sources */,
				E706C7FE2814C6760078F2B0 /* Frameworks */,
				E706C7FF2814C6760078F2B0 /* Resources */,
				675F61FB05C727EF73AD3E2C /* [CP] Embed Pods Frameworks */,
			);
			buildRules = (
			);
			dependencies = (
				E706C8032814C6760078F2B0 /* PBXTargetDependency */,
			);
			name = plazm_swiftUITests;
			productName = plazm_swiftUITests;
			productReference = E706C8012814C6760078F2B0 /* plazm_swiftUITests.xctest */;
			productType = "com.apple.product-type.bundle.ui-testing";
		};
/* End PBXNativeTarget section */

/* Begin PBXProject section */
		E706C7DF2814C6760078F2B0 /* Project object */ = {
			isa = PBXProject;
			attributes = {
				BuildIndependentTargetsInParallel = 1;
				LastSwiftUpdateCheck = 1330;
				LastUpgradeCheck = 1330;
				TargetAttributes = {
					E706C7E62814C6760078F2B0 = {
						CreatedOnToolsVersion = 13.3.1;
					};
					E706C7F62814C6760078F2B0 = {
						CreatedOnToolsVersion = 13.3.1;
						TestTargetID = E706C7E62814C6760078F2B0;
					};
					E706C8002814C6760078F2B0 = {
						CreatedOnToolsVersion = 13.3.1;
						TestTargetID = E706C7E62814C6760078F2B0;
					};
				};
			};
			buildConfigurationList = E706C7E22814C6760078F2B0 /* Build configuration list for PBXProject "plazm_swift" */;
			compatibilityVersion = "Xcode 13.0";
			developmentRegion = en;
			hasScannedForEncodings = 0;
			knownRegions = (
				en,
				Base,
			);
			mainGroup = E706C7DE2814C6760078F2B0;
			packageReferences = (
				E74906452814CAA8005D1C10 /* XCRemoteSwiftPackageReference "apollo-ios" */,
			);
			productRefGroup = E706C7E82814C6760078F2B0 /* Products */;
			projectDirPath = "";
			projectRoot = "";
			targets = (
				E706C7E62814C6760078F2B0 /* plazm_swift */,
				E706C7F62814C6760078F2B0 /* plazm_swiftTests */,
				E706C8002814C6760078F2B0 /* plazm_swiftUITests */,
			);
		};
/* End PBXProject section */

/* Begin PBXResourcesBuildPhase section */
		E706C7E52814C6760078F2B0 /* Resources */ = {
			isa = PBXResourcesBuildPhase;
			buildActionMask = 2147483647;
			files = (
				E74906532814D250005D1C10 /* schema.json in Resources */,
				E706C7F22814C6760078F2B0 /* Preview Assets.xcassets in Resources */,
				E74906502814CBE3005D1C10 /* DataSource.graphql in Resources */,
				E706C7EF2814C6760078F2B0 /* Assets.xcassets in Resources */,
				8CDCA36CB75D7E9428338E88 /* awsconfiguration.json in Resources */,
				B2BDA4450BB38B94E1BFD55F /* amplifyconfiguration.json in Resources */,
			);
			runOnlyForDeploymentPostprocessing = 0;
		};
		E706C7F52814C6760078F2B0 /* Resources */ = {
			isa = PBXResourcesBuildPhase;
			buildActionMask = 2147483647;
			files = (
			);
			runOnlyForDeploymentPostprocessing = 0;
		};
		E706C7FF2814C6760078F2B0 /* Resources */ = {
			isa = PBXResourcesBuildPhase;
			buildActionMask = 2147483647;
			files = (
			);
			runOnlyForDeploymentPostprocessing = 0;
		};
/* End PBXResourcesBuildPhase section */

/* Begin PBXShellScriptBuildPhase section */
		22B915710F6A3A8E5FA86A87 /* [CP] Check Pods Manifest.lock */ = {
			isa = PBXShellScriptBuildPhase;
			buildActionMask = 2147483647;
			files = (
			);
			inputFileListPaths = (
			);
			inputPaths = (
				"${PODS_PODFILE_DIR_PATH}/Podfile.lock",
				"${PODS_ROOT}/Manifest.lock",
			);
			name = "[CP] Check Pods Manifest.lock";
			outputFileListPaths = (
			);
			outputPaths = (
				"$(DERIVED_FILE_DIR)/Pods-plazm_swift-checkManifestLockResult.txt",
			);
			runOnlyForDeploymentPostprocessing = 0;
			shellPath = /bin/sh;
			shellScript = "diff \"${PODS_PODFILE_DIR_PATH}/Podfile.lock\" \"${PODS_ROOT}/Manifest.lock\" > /dev/null\nif [ $? != 0 ] ; then\n    # print error to STDERR\n    echo \"error: The sandbox is not in sync with the Podfile.lock. Run 'pod install' or update your CocoaPods installation.\" >&2\n    exit 1\nfi\n# This output is used by Xcode 'outputs' to avoid re-running this script phase.\necho \"SUCCESS\" > \"${SCRIPT_OUTPUT_FILE_0}\"\n";
			showEnvVarsInLog = 0;
		};
		5DA5BE40343FFEAD4BF008D0 /* [CP] Check Pods Manifest.lock */ = {
			isa = PBXShellScriptBuildPhase;
			buildActionMask = 2147483647;
			files = (
			);
			inputFileListPaths = (
			);
			inputPaths = (
				"${PODS_PODFILE_DIR_PATH}/Podfile.lock",
				"${PODS_ROOT}/Manifest.lock",
			);
			name = "[CP] Check Pods Manifest.lock";
			outputFileListPaths = (
			);
			outputPaths = (
				"$(DERIVED_FILE_DIR)/Pods-plazm_swiftTests-checkManifestLockResult.txt",
			);
			runOnlyForDeploymentPostprocessing = 0;
			shellPath = /bin/sh;
			shellScript = "diff \"${PODS_PODFILE_DIR_PATH}/Podfile.lock\" \"${PODS_ROOT}/Manifest.lock\" > /dev/null\nif [ $? != 0 ] ; then\n    # print error to STDERR\n    echo \"error: The sandbox is not in sync with the Podfile.lock. Run 'pod install' or update your CocoaPods installation.\" >&2\n    exit 1\nfi\n# This output is used by Xcode 'outputs' to avoid re-running this script phase.\necho \"SUCCESS\" > \"${SCRIPT_OUTPUT_FILE_0}\"\n";
			showEnvVarsInLog = 0;
		};
		675F61FB05C727EF73AD3E2C /* [CP] Embed Pods Frameworks */ = {
			isa = PBXShellScriptBuildPhase;
			buildActionMask = 2147483647;
			files = (
			);
			inputFileListPaths = (
				"${PODS_ROOT}/Target Support Files/Pods-plazm_swift-plazm_swiftUITests/Pods-plazm_swift-plazm_swiftUITests-frameworks-${CONFIGURATION}-input-files.xcfilelist",
			);
			inputPaths = (
			);
			name = "[CP] Embed Pods Frameworks";
			outputFileListPaths = (
				"${PODS_ROOT}/Target Support Files/Pods-plazm_swift-plazm_swiftUITests/Pods-plazm_swift-plazm_swiftUITests-frameworks-${CONFIGURATION}-output-files.xcfilelist",
			);
			outputPaths = (
			);
			runOnlyForDeploymentPostprocessing = 0;
			shellPath = /bin/sh;
			shellScript = "\"${PODS_ROOT}/Target Support Files/Pods-plazm_swift-plazm_swiftUITests/Pods-plazm_swift-plazm_swiftUITests-frameworks.sh\"\n";
			showEnvVarsInLog = 0;
		};
		7C17A48EAC972E8BA20F0A78 /* [CP] Check Pods Manifest.lock */ = {
			isa = PBXShellScriptBuildPhase;
			buildActionMask = 2147483647;
			files = (
			);
			inputFileListPaths = (
			);
			inputPaths = (
				"${PODS_PODFILE_DIR_PATH}/Podfile.lock",
				"${PODS_ROOT}/Manifest.lock",
			);
			name = "[CP] Check Pods Manifest.lock";
			outputFileListPaths = (
			);
			outputPaths = (
				"$(DERIVED_FILE_DIR)/Pods-plazm_swift-plazm_swiftUITests-checkManifestLockResult.txt",
			);
			runOnlyForDeploymentPostprocessing = 0;
			shellPath = /bin/sh;
			shellScript = "diff \"${PODS_PODFILE_DIR_PATH}/Podfile.lock\" \"${PODS_ROOT}/Manifest.lock\" > /dev/null\nif [ $? != 0 ] ; then\n    # print error to STDERR\n    echo \"error: The sandbox is not in sync with the Podfile.lock. Run 'pod install' or update your CocoaPods installation.\" >&2\n    exit 1\nfi\n# This output is used by Xcode 'outputs' to avoid re-running this script phase.\necho \"SUCCESS\" > \"${SCRIPT_OUTPUT_FILE_0}\"\n";
			showEnvVarsInLog = 0;
		};
		806D61CF9CD6BF85278F4E51 /* [CP] Embed Pods Frameworks */ = {
			isa = PBXShellScriptBuildPhase;
			buildActionMask = 2147483647;
			files = (
			);
			inputFileListPaths = (
				"${PODS_ROOT}/Target Support Files/Pods-plazm_swift/Pods-plazm_swift-frameworks-${CONFIGURATION}-input-files.xcfilelist",
			);
			inputPaths = (
			);
			name = "[CP] Embed Pods Frameworks";
			outputFileListPaths = (
				"${PODS_ROOT}/Target Support Files/Pods-plazm_swift/Pods-plazm_swift-frameworks-${CONFIGURATION}-output-files.xcfilelist",
			);
			outputPaths = (
			);
			runOnlyForDeploymentPostprocessing = 0;
			shellPath = /bin/sh;
			shellScript = "\"${PODS_ROOT}/Target Support Files/Pods-plazm_swift/Pods-plazm_swift-frameworks.sh\"\n";
			showEnvVarsInLog = 0;
		};
		E749064C2814CB77005D1C10 /* Apollo */ = {
			isa = PBXShellScriptBuildPhase;
			buildActionMask = 8;
			files = (
			);
			inputFileListPaths = (
			);
			inputPaths = (
			);
			name = Apollo;
			outputFileListPaths = (
			);
			outputPaths = (
			);
			runOnlyForDeploymentPostprocessing = 1;
			shellPath = /bin/sh;
			shellScript = "# Don't run this during index builds\nif [ $ACTION = \"indexbuild\" ]; then exit 0; fi\n\n# Go to the build root and search up the chain to find the Derived Data Path where the source packages are checked out.\nDERIVED_DATA_CANDIDATE=\"${BUILD_ROOT}\"\n\nwhile ! [ -d \"${DERIVED_DATA_CANDIDATE}/SourcePackages\" ]; do\n  if [ \"${DERIVED_DATA_CANDIDATE}\" = / ]; then\n    echo >&2 \"error: Unable to locate SourcePackages directory from BUILD_ROOT: '${BUILD_ROOT}'\"\n    exit 1\n  fi\n\n  DERIVED_DATA_CANDIDATE=\"$(dirname \"${DERIVED_DATA_CANDIDATE}\")\"\ndone\n\n# Grab a reference to the directory where scripts are checked out\nSCRIPT_PATH=\"${DERIVED_DATA_CANDIDATE}/SourcePackages/checkouts/apollo-ios/scripts\"\n\nif [ -z \"${SCRIPT_PATH}\" ]; then\n    echo >&2 \"error: Couldn't find the CLI script in your checked out SPM packages; make sure to add the framework to your project.\"\n    exit 1\nfi\n\ncd \"${SRCROOT}/${TARGET_NAME}\"\n\"${SCRIPT_PATH}\"/run-bundled-codegen.sh codegen:generate --target=swift --includes=./**/*.graphql --localSchemaFile=\"schema.json\" API.swift\n";
		};
/* End PBXShellScriptBuildPhase section */

/* Begin PBXSourcesBuildPhase section */
		E706C7E32814C6760078F2B0 /* Sources */ = {
			isa = PBXSourcesBuildPhase;
			buildActionMask = 2147483647;
			files = (
				E749064E2814CBCF005D1C10 /* DataSource.swift in Sources */,
				E72685842817892A0018EB59 /* Extensions.swift in Sources */,
				E706C7ED2814C6760078F2B0 /* ContentView.swift in Sources */,
				E749065E2814EED9005D1C10 /* SessionManager.swift in Sources */,
				E7BD60772815A64D00F851B3 /* MasterView.swift in Sources */,
				E7EAA39B28197E8900B0C569 /* PostEventView.swift in Sources */,
				E74906552814D48A005D1C10 /* API.swift in Sources */,
				E72685742816368D0018EB59 /* SessionProfile.swift in Sources */,
				E7BD607D2815A73C00F851B3 /* ConfirmationView.swift in Sources */,
				E74906582814D51D005D1C10 /* ApolloClient.swift in Sources */,
				E7BD60792815A69B00F851B3 /* SignInView.swift in Sources */,
				E7268588281853300018EB59 /* SideMenu.swift in Sources */,
				E7BD607B2815A6E700F851B3 /* SignUpView.swift in Sources */,
				E706C7EB2814C6760078F2B0 /* plazm_swiftApp.swift in Sources */,
			);
			runOnlyForDeploymentPostprocessing = 0;
		};
		E706C7F32814C6760078F2B0 /* Sources */ = {
			isa = PBXSourcesBuildPhase;
			buildActionMask = 2147483647;
			files = (
				E706C7FC2814C6760078F2B0 /* plazm_swiftTests.swift in Sources */,
			);
			runOnlyForDeploymentPostprocessing = 0;
		};
		E706C7FD2814C6760078F2B0 /* Sources */ = {
			isa = PBXSourcesBuildPhase;
			buildActionMask = 2147483647;
			files = (
				E706C8062814C6760078F2B0 /* plazm_swiftUITests.swift in Sources */,
				E706C8082814C6760078F2B0 /* plazm_swiftUITestsLaunchTests.swift in Sources */,
			);
			runOnlyForDeploymentPostprocessing = 0;
		};
/* End PBXSourcesBuildPhase section */

/* Begin PBXTargetDependency section */
		E706C7F92814C6760078F2B0 /* PBXTargetDependency */ = {
			isa = PBXTargetDependency;
			target = E706C7E62814C6760078F2B0 /* plazm_swift */;
			targetProxy = E706C7F82814C6760078F2B0 /* PBXContainerItemProxy */;
		};
		E706C8032814C6760078F2B0 /* PBXTargetDependency */ = {
			isa = PBXTargetDependency;
			target = E706C7E62814C6760078F2B0 /* plazm_swift */;
			targetProxy = E706C8022814C6760078F2B0 /* PBXContainerItemProxy */;
		};
/* End PBXTargetDependency section */

/* Begin XCBuildConfiguration section */
		E706C8092814C6760078F2B0 /* Debug */ = {
			isa = XCBuildConfiguration;
			buildSettings = {
				ALWAYS_SEARCH_USER_PATHS = NO;
				CLANG_ANALYZER_NONNULL = YES;
				CLANG_ANALYZER_NUMBER_OBJECT_CONVERSION = YES_AGGRESSIVE;
				CLANG_CXX_LANGUAGE_STANDARD = "gnu++17";
				CLANG_ENABLE_MODULES = YES;
				CLANG_ENABLE_OBJC_ARC = YES;
				CLANG_ENABLE_OBJC_WEAK = YES;
				CLANG_WARN_BLOCK_CAPTURE_AUTORELEASING = YES;
				CLANG_WARN_BOOL_CONVERSION = YES;
				CLANG_WARN_COMMA = YES;
				CLANG_WARN_CONSTANT_CONVERSION = YES;
				CLANG_WARN_DEPRECATED_OBJC_IMPLEMENTATIONS = YES;
				CLANG_WARN_DIRECT_OBJC_ISA_USAGE = YES_ERROR;
				CLANG_WARN_DOCUMENTATION_COMMENTS = YES;
				CLANG_WARN_EMPTY_BODY = YES;
				CLANG_WARN_ENUM_CONVERSION = YES;
				CLANG_WARN_INFINITE_RECURSION = YES;
				CLANG_WARN_INT_CONVERSION = YES;
				CLANG_WARN_NON_LITERAL_NULL_CONVERSION = YES;
				CLANG_WARN_OBJC_IMPLICIT_RETAIN_SELF = YES;
				CLANG_WARN_OBJC_LITERAL_CONVERSION = YES;
				CLANG_WARN_OBJC_ROOT_CLASS = YES_ERROR;
				CLANG_WARN_QUOTED_INCLUDE_IN_FRAMEWORK_HEADER = YES;
				CLANG_WARN_RANGE_LOOP_ANALYSIS = YES;
				CLANG_WARN_STRICT_PROTOTYPES = YES;
				CLANG_WARN_SUSPICIOUS_MOVE = YES;
				CLANG_WARN_UNGUARDED_AVAILABILITY = YES_AGGRESSIVE;
				CLANG_WARN_UNREACHABLE_CODE = YES;
				CLANG_WARN__DUPLICATE_METHOD_MATCH = YES;
				COPY_PHASE_STRIP = NO;
				DEBUG_INFORMATION_FORMAT = dwarf;
				ENABLE_STRICT_OBJC_MSGSEND = YES;
				ENABLE_TESTABILITY = YES;
				GCC_C_LANGUAGE_STANDARD = gnu11;
				GCC_DYNAMIC_NO_PIC = NO;
				GCC_NO_COMMON_BLOCKS = YES;
				GCC_OPTIMIZATION_LEVEL = 0;
				GCC_PREPROCESSOR_DEFINITIONS = (
					"DEBUG=1",
					"$(inherited)",
				);
				GCC_WARN_64_TO_32_BIT_CONVERSION = YES;
				GCC_WARN_ABOUT_RETURN_TYPE = YES_ERROR;
				GCC_WARN_UNDECLARED_SELECTOR = YES;
				GCC_WARN_UNINITIALIZED_AUTOS = YES_AGGRESSIVE;
				GCC_WARN_UNUSED_FUNCTION = YES;
				GCC_WARN_UNUSED_VARIABLE = YES;
				IPHONEOS_DEPLOYMENT_TARGET = 15.4;
				MTL_ENABLE_DEBUG_INFO = INCLUDE_SOURCE;
				MTL_FAST_MATH = YES;
				ONLY_ACTIVE_ARCH = YES;
				SDKROOT = iphoneos;
				SWIFT_ACTIVE_COMPILATION_CONDITIONS = DEBUG;
				SWIFT_OPTIMIZATION_LEVEL = "-Onone";
			};
			name = Debug;
		};
		E706C80A2814C6760078F2B0 /* Release */ = {
			isa = XCBuildConfiguration;
			buildSettings = {
				ALWAYS_SEARCH_USER_PATHS = NO;
				CLANG_ANALYZER_NONNULL = YES;
				CLANG_ANALYZER_NUMBER_OBJECT_CONVERSION = YES_AGGRESSIVE;
				CLANG_CXX_LANGUAGE_STANDARD = "gnu++17";
				CLANG_ENABLE_MODULES = YES;
				CLANG_ENABLE_OBJC_ARC = YES;
				CLANG_ENABLE_OBJC_WEAK = YES;
				CLANG_WARN_BLOCK_CAPTURE_AUTORELEASING = YES;
				CLANG_WARN_BOOL_CONVERSION = YES;
				CLANG_WARN_COMMA = YES;
				CLANG_WARN_CONSTANT_CONVERSION = YES;
				CLANG_WARN_DEPRECATED_OBJC_IMPLEMENTATIONS = YES;
				CLANG_WARN_DIRECT_OBJC_ISA_USAGE = YES_ERROR;
				CLANG_WARN_DOCUMENTATION_COMMENTS = YES;
				CLANG_WARN_EMPTY_BODY = YES;
				CLANG_WARN_ENUM_CONVERSION = YES;
				CLANG_WARN_INFINITE_RECURSION = YES;
				CLANG_WARN_INT_CONVERSION = YES;
				CLANG_WARN_NON_LITERAL_NULL_CONVERSION = YES;
				CLANG_WARN_OBJC_IMPLICIT_RETAIN_SELF = YES;
				CLANG_WARN_OBJC_LITERAL_CONVERSION = YES;
				CLANG_WARN_OBJC_ROOT_CLASS = YES_ERROR;
				CLANG_WARN_QUOTED_INCLUDE_IN_FRAMEWORK_HEADER = YES;
				CLANG_WARN_RANGE_LOOP_ANALYSIS = YES;
				CLANG_WARN_STRICT_PROTOTYPES = YES;
				CLANG_WARN_SUSPICIOUS_MOVE = YES;
				CLANG_WARN_UNGUARDED_AVAILABILITY = YES_AGGRESSIVE;
				CLANG_WARN_UNREACHABLE_CODE = YES;
				CLANG_WARN__DUPLICATE_METHOD_MATCH = YES;
				COPY_PHASE_STRIP = NO;
				DEBUG_INFORMATION_FORMAT = "dwarf-with-dsym";
				ENABLE_NS_ASSERTIONS = NO;
				ENABLE_STRICT_OBJC_MSGSEND = YES;
				GCC_C_LANGUAGE_STANDARD = gnu11;
				GCC_NO_COMMON_BLOCKS = YES;
				GCC_WARN_64_TO_32_BIT_CONVERSION = YES;
				GCC_WARN_ABOUT_RETURN_TYPE = YES_ERROR;
				GCC_WARN_UNDECLARED_SELECTOR = YES;
				GCC_WARN_UNINITIALIZED_AUTOS = YES_AGGRESSIVE;
				GCC_WARN_UNUSED_FUNCTION = YES;
				GCC_WARN_UNUSED_VARIABLE = YES;
				IPHONEOS_DEPLOYMENT_TARGET = 15.4;
				MTL_ENABLE_DEBUG_INFO = NO;
				MTL_FAST_MATH = YES;
				SDKROOT = iphoneos;
				SWIFT_COMPILATION_MODE = wholemodule;
				SWIFT_OPTIMIZATION_LEVEL = "-O";
				VALIDATE_PRODUCT = YES;
			};
			name = Release;
		};
		E706C80C2814C6760078F2B0 /* Debug */ = {
			isa = XCBuildConfiguration;
			baseConfigurationReference = D6AD98C7FC6030D605FADE5D /* Pods-plazm_swift.debug.xcconfig */;
			buildSettings = {
				ASSETCATALOG_COMPILER_APPICON_NAME = AppIcon;
				ASSETCATALOG_COMPILER_GLOBAL_ACCENT_COLOR_NAME = AccentColor;
				CODE_SIGN_STYLE = Automatic;
				CURRENT_PROJECT_VERSION = 1;
				DEVELOPMENT_ASSET_PATHS = "\"plazm_swift/Preview Content\"";
				ENABLE_PREVIEWS = YES;
				GENERATE_INFOPLIST_FILE = YES;
				INFOPLIST_KEY_UIApplicationSceneManifest_Generation = YES;
				INFOPLIST_KEY_UIApplicationSupportsIndirectInputEvents = YES;
				INFOPLIST_KEY_UILaunchScreen_Generation = YES;
				INFOPLIST_KEY_UISupportedInterfaceOrientations_iPad = "UIInterfaceOrientationPortrait UIInterfaceOrientationPortraitUpsideDown UIInterfaceOrientationLandscapeLeft UIInterfaceOrientationLandscapeRight";
				INFOPLIST_KEY_UISupportedInterfaceOrientations_iPhone = "UIInterfaceOrientationPortrait UIInterfaceOrientationLandscapeLeft UIInterfaceOrientationLandscapeRight";
				LD_RUNPATH_SEARCH_PATHS = (
					"$(inherited)",
					"@executable_path/Frameworks",
				);
				MARKETING_VERSION = 1.0;
				PRODUCT_BUNDLE_IDENTIFIER = "plazm.plazm-swift";
				PRODUCT_NAME = "$(TARGET_NAME)";
				SWIFT_EMIT_LOC_STRINGS = YES;
				SWIFT_VERSION = 5.0;
				TARGETED_DEVICE_FAMILY = "1,2";
			};
			name = Debug;
		};
		E706C80D2814C6760078F2B0 /* Release */ = {
			isa = XCBuildConfiguration;
			baseConfigurationReference = E63055A3FC6B3B5513F9C88D /* Pods-plazm_swift.release.xcconfig */;
			buildSettings = {
				ASSETCATALOG_COMPILER_APPICON_NAME = AppIcon;
				ASSETCATALOG_COMPILER_GLOBAL_ACCENT_COLOR_NAME = AccentColor;
				CODE_SIGN_STYLE = Automatic;
				CURRENT_PROJECT_VERSION = 1;
				DEVELOPMENT_ASSET_PATHS = "\"plazm_swift/Preview Content\"";
				ENABLE_PREVIEWS = YES;
				GENERATE_INFOPLIST_FILE = YES;
				INFOPLIST_KEY_UIApplicationSceneManifest_Generation = YES;
				INFOPLIST_KEY_UIApplicationSupportsIndirectInputEvents = YES;
				INFOPLIST_KEY_UILaunchScreen_Generation = YES;
				INFOPLIST_KEY_UISupportedInterfaceOrientations_iPad = "UIInterfaceOrientationPortrait UIInterfaceOrientationPortraitUpsideDown UIInterfaceOrientationLandscapeLeft UIInterfaceOrientationLandscapeRight";
				INFOPLIST_KEY_UISupportedInterfaceOrientations_iPhone = "UIInterfaceOrientationPortrait UIInterfaceOrientationLandscapeLeft UIInterfaceOrientationLandscapeRight";
				LD_RUNPATH_SEARCH_PATHS = (
					"$(inherited)",
					"@executable_path/Frameworks",
				);
				MARKETING_VERSION = 1.0;
				PRODUCT_BUNDLE_IDENTIFIER = "plazm.plazm-swift";
				PRODUCT_NAME = "$(TARGET_NAME)";
				SWIFT_EMIT_LOC_STRINGS = YES;
				SWIFT_VERSION = 5.0;
				TARGETED_DEVICE_FAMILY = "1,2";
			};
			name = Release;
		};
		E706C80F2814C6760078F2B0 /* Debug */ = {
			isa = XCBuildConfiguration;
			baseConfigurationReference = C1A3BA49013437E2C13CF152 /* Pods-plazm_swiftTests.debug.xcconfig */;
			buildSettings = {
				ALWAYS_EMBED_SWIFT_STANDARD_LIBRARIES = YES;
				BUNDLE_LOADER = "$(TEST_HOST)";
				CODE_SIGN_STYLE = Automatic;
				CURRENT_PROJECT_VERSION = 1;
				GENERATE_INFOPLIST_FILE = YES;
				IPHONEOS_DEPLOYMENT_TARGET = 15.4;
				MARKETING_VERSION = 1.0;
				PRODUCT_BUNDLE_IDENTIFIER = "plazm.plazm-swiftTests";
				PRODUCT_NAME = "$(TARGET_NAME)";
				SWIFT_EMIT_LOC_STRINGS = NO;
				SWIFT_VERSION = 5.0;
				TARGETED_DEVICE_FAMILY = "1,2";
				TEST_HOST = "$(BUILT_PRODUCTS_DIR)/plazm_swift.app/plazm_swift";
			};
			name = Debug;
		};
		E706C8102814C6760078F2B0 /* Release */ = {
			isa = XCBuildConfiguration;
			baseConfigurationReference = F4BC3025730F4E1ECEA3C2CA /* Pods-plazm_swiftTests.release.xcconfig */;
			buildSettings = {
				ALWAYS_EMBED_SWIFT_STANDARD_LIBRARIES = YES;
				BUNDLE_LOADER = "$(TEST_HOST)";
				CODE_SIGN_STYLE = Automatic;
				CURRENT_PROJECT_VERSION = 1;
				GENERATE_INFOPLIST_FILE = YES;
				IPHONEOS_DEPLOYMENT_TARGET = 15.4;
				MARKETING_VERSION = 1.0;
				PRODUCT_BUNDLE_IDENTIFIER = "plazm.plazm-swiftTests";
				PRODUCT_NAME = "$(TARGET_NAME)";
				SWIFT_EMIT_LOC_STRINGS = NO;
				SWIFT_VERSION = 5.0;
				TARGETED_DEVICE_FAMILY = "1,2";
				TEST_HOST = "$(BUILT_PRODUCTS_DIR)/plazm_swift.app/plazm_swift";
			};
			name = Release;
		};
		E706C8122814C6760078F2B0 /* Debug */ = {
			isa = XCBuildConfiguration;
			baseConfigurationReference = 833045E4A5A8F5484B40D187 /* Pods-plazm_swift-plazm_swiftUITests.debug.xcconfig */;
			buildSettings = {
				ALWAYS_EMBED_SWIFT_STANDARD_LIBRARIES = YES;
				CODE_SIGN_STYLE = Automatic;
				CURRENT_PROJECT_VERSION = 1;
				GENERATE_INFOPLIST_FILE = YES;
				MARKETING_VERSION = 1.0;
				PRODUCT_BUNDLE_IDENTIFIER = "plazm.plazm-swiftUITests";
				PRODUCT_NAME = "$(TARGET_NAME)";
				SWIFT_EMIT_LOC_STRINGS = NO;
				SWIFT_VERSION = 5.0;
				TARGETED_DEVICE_FAMILY = "1,2";
				TEST_TARGET_NAME = plazm_swift;
			};
			name = Debug;
		};
		E706C8132814C6760078F2B0 /* Release */ = {
			isa = XCBuildConfiguration;
			baseConfigurationReference = 15264768FC730512DC38ACA4 /* Pods-plazm_swift-plazm_swiftUITests.release.xcconfig */;
			buildSettings = {
				ALWAYS_EMBED_SWIFT_STANDARD_LIBRARIES = YES;
				CODE_SIGN_STYLE = Automatic;
				CURRENT_PROJECT_VERSION = 1;
				GENERATE_INFOPLIST_FILE = YES;
				MARKETING_VERSION = 1.0;
				PRODUCT_BUNDLE_IDENTIFIER = "plazm.plazm-swiftUITests";
				PRODUCT_NAME = "$(TARGET_NAME)";
				SWIFT_EMIT_LOC_STRINGS = NO;
				SWIFT_VERSION = 5.0;
				TARGETED_DEVICE_FAMILY = "1,2";
				TEST_TARGET_NAME = plazm_swift;
			};
			name = Release;
		};
/* End XCBuildConfiguration section */

/* Begin XCConfigurationList section */
		E706C7E22814C6760078F2B0 /* Build configuration list for PBXProject "plazm_swift" */ = {
			isa = XCConfigurationList;
			buildConfigurations = (
				E706C8092814C6760078F2B0 /* Debug */,
				E706C80A2814C6760078F2B0 /* Release */,
			);
			defaultConfigurationIsVisible = 0;
			defaultConfigurationName = Release;
		};
		E706C80B2814C6760078F2B0 /* Build configuration list for PBXNativeTarget "plazm_swift" */ = {
			isa = XCConfigurationList;
			buildConfigurations = (
				E706C80C2814C6760078F2B0 /* Debug */,
				E706C80D2814C6760078F2B0 /* Release */,
			);
			defaultConfigurationIsVisible = 0;
			defaultConfigurationName = Release;
		};
		E706C80E2814C6760078F2B0 /* Build configuration list for PBXNativeTarget "plazm_swiftTests" */ = {
			isa = XCConfigurationList;
			buildConfigurations = (
				E706C80F2814C6760078F2B0 /* Debug */,
				E706C8102814C6760078F2B0 /* Release */,
			);
			defaultConfigurationIsVisible = 0;
			defaultConfigurationName = Release;
		};
		E706C8112814C6760078F2B0 /* Build configuration list for PBXNativeTarget "plazm_swiftUITests" */ = {
			isa = XCConfigurationList;
			buildConfigurations = (
				E706C8122814C6760078F2B0 /* Debug */,
				E706C8132814C6760078F2B0 /* Release */,
			);
			defaultConfigurationIsVisible = 0;
			defaultConfigurationName = Release;
		};
/* End XCConfigurationList section */

/* Begin XCRemoteSwiftPackageReference section */
		E74906452814CAA8005D1C10 /* XCRemoteSwiftPackageReference "apollo-ios" */ = {
			isa = XCRemoteSwiftPackageReference;
			repositoryURL = "https://github.com/apollographql/apollo-ios";
			requirement = {
				kind = upToNextMinorVersion;
				minimumVersion = 0.51.2;
			};
		};
/* End XCRemoteSwiftPackageReference section */

/* Begin XCSwiftPackageProductDependency section */
		E74906462814CAA8005D1C10 /* Apollo */ = {
			isa = XCSwiftPackageProductDependency;
			package = E74906452814CAA8005D1C10 /* XCRemoteSwiftPackageReference "apollo-ios" */;
			productName = Apollo;
		};
		E74906482814CAA8005D1C10 /* ApolloWebSocket */ = {
			isa = XCSwiftPackageProductDependency;
			package = E74906452814CAA8005D1C10 /* XCRemoteSwiftPackageReference "apollo-ios" */;
			productName = ApolloWebSocket;
		};
/* End XCSwiftPackageProductDependency section */
	};
	rootObject = E706C7DF2814C6760078F2B0 /* Project object */;
}
